
Microsoft Visual Studio Solution File, Format Version 12.00
# Visual Studio Version 17
VisualStudioVersion = 17.5.33530.505
MinimumVisualStudioVersion = 10.0.40219.1
Project("{FAE04EC0-301F-11D3-BF4B-00C04F79EFBC}") = "DurableFunctionTest", "DurableFunctionTest\DurableFunctionTest.csproj", "{CE5D9B04-197F-4267-8F0F-002452AD69FC}"
EndProject
Global
	GlobalSection(SolutionConfigurationPlatforms) = preSolution
		Debug|Any CPU = Debug|Any CPU
		Release|Any CPU = Release|Any CPU
	EndGlobalSection
	GlobalSection(ProjectConfigurationPlatforms) = postSolution
		{CE5D9B04-197F-4267-8F0F-002452AD69FC}.Debug|Any CPU.ActiveCfg = Debug|Any CPU
		{CE5D9B04-197F-4267-8F0F-002452AD69FC}.Debug|Any CPU.Build.0 = Debug|Any CPU
		{CE5D9B04-197F-4267-8F0F-002452AD69FC}.Release|Any CPU.ActiveCfg = Release|Any CPU
		{CE5D9B04-197F-4267-8F0F-002452AD69FC}.Release|Any CPU.Build.0 = Release|Any CPU
	EndGlobalSection
	GlobalSection(SolutionProperties) = preSolution
		HideSolutionNode = FALSE
	EndGlobalSection
	GlobalSection(ExtensibilityGlobals) = postSolution
		SolutionGuid = {226FF5DD-3C6C-455E-843D-468BF0647037}
	EndGlobalSection
EndGlobal
